
Microsoft Visual Studio Solution File, Format Version 12.00
# Visual Studio Version 16
VisualStudioVersion = 16.0.28902.138
MinimumVisualStudioVersion = 10.0.40219.1
Project("{FAE04EC0-301F-11D3-BF4B-00C04F79EFBC}") = "MutationMode.UI", "MutationMode.UI\MutationMode.UI.csproj", "{34703837-F75E-4B62-B676-0BA6AC19FC94}"
EndProject
Global
	GlobalSection(SolutionConfigurationPlatforms) = preSolution
		Debug|Any CPU = Debug|Any CPU
		Release|Any CPU = Release|Any CPU
	EndGlobalSection
	GlobalSection(ProjectConfigurationPlatforms) = postSolution
		{34703837-F75E-4B62-B676-0BA6AC19FC94}.Debug|Any CPU.ActiveCfg = Debug|Any CPU
		{34703837-F75E-4B62-B676-0BA6AC19FC94}.Debug|Any CPU.Build.0 = Debug|Any CPU
		{34703837-F75E-4B62-B676-0BA6AC19FC94}.Release|Any CPU.ActiveCfg = Release|Any CPU
		{34703837-F75E-4B62-B676-0BA6AC19FC94}.Release|Any CPU.Build.0 = Release|Any CPU
	EndGlobalSection
	GlobalSection(SolutionProperties) = preSolution
		HideSolutionNode = FALSE
	EndGlobalSection
	GlobalSection(ExtensibilityGlobals) = postSolution
		SolutionGuid = {967CA28C-4EE8-4999-956F-454AD64675BD}
	EndGlobalSection
EndGlobal
